version = 1
revision = 1
requires-python = ">=3.12"

[[package]]
name = "asgiref"
version = "3.8.1"
source = { registry = "https://pypi.org/simple" }
sdist = { url = "https://files.pythonhosted.org/packages/29/38/b3395cc9ad1b56d2ddac9970bc8f4141312dbaec28bc7c218b0dfafd0f42/asgiref-3.8.1.tar.gz", hash = "sha256:c343bd80a0bec947a9860adb4c432ffa7db769836c64238fc34bdc3fec84d590", size = 35186 }
wheels = [
    { url = "https://files.pythonhosted.org/packages/39/e3/893e8757be2612e6c266d9bb58ad2e3651524b5b40cf56761e985a28b13e/asgiref-3.8.1-py3-none-any.whl", hash = "sha256:3e1e3ecc849832fe52ccf2cb6686b7a55f82bb1d6aee72a58826471390335e47", size = 23828 },
]

[[package]]
name = "beautifulsoup4"
version = "4.13.4"
source = { registry = "https://pypi.org/simple" }
dependencies = [
    { name = "soupsieve" },
    { name = "typing-extensions" },
]
sdist = { url = "https://files.pythonhosted.org/packages/d8/e4/0c4c39e18fd76d6a628d4dd8da40543d136ce2d1752bd6eeeab0791f4d6b/beautifulsoup4-4.13.4.tar.gz", hash = "sha256:dbb3c4e1ceae6aefebdaf2423247260cd062430a410e38c66f2baa50a8437195", size = 621067 }
wheels = [
    { url = "https://files.pythonhosted.org/packages/50/cd/30110dc0ffcf3b131156077b90e9f60ed75711223f306da4db08eff8403b/beautifulsoup4-4.13.4-py3-none-any.whl", hash = "sha256:9bbbb14bfde9d79f38b8cd5f8c7c85f4b8f2523190ebed90e950a8dea4cb1c4b", size = 187285 },
]

[[package]]
name = "djade"
version = "1.4.0"
source = { registry = "https://pypi.org/simple" }
sdist = { url = "https://files.pythonhosted.org/packages/f5/5f/ad5d1926aedee604bde2e17b4008db809755528ba426f361fbf725966b81/djade-1.4.0.tar.gz", hash = "sha256:e8e88032a1297c7687ea763b0ad1e2f2aa7b9bcdecc6ac25bc717bb611f87c42", size = 35708 }
wheels = [
    { url = "https://files.pythonhosted.org/packages/e1/de/91bb09337112aabf1944cc86f08e3e9db5ef20c8a924a74b1c3784c2aa40/djade-1.4.0-py3-none-macosx_10_12_x86_64.whl", hash = "sha256:0e5b962993e229459167a6615cdc7f3d7801832647d45817e3339b128576bf2c", size = 1078127 },
    { url = "https://files.pythonhosted.org/packages/21/98/34d75dbce65271723a48df2636cb96722eccc22eec6705c54de7c623edbf/djade-1.4.0-py3-none-macosx_11_0_arm64.whl", hash = "sha256:0e71c3f2a0c0aed9a67261f44e4bfd7a606c36d3d53ad042aa3cd2b9152bec39", size = 1012225 },
    { url = "https://files.pythonhosted.org/packages/8d/42/798b54c52e94661654b094e1f9e9ad616c2fa23040db985feea3d5a0a909/djade-1.4.0-py3-none-manylinux_2_17_aarch64.manylinux2014_aarch64.whl", hash = "sha256:b732cf9b955f48b1aa484f5a8bdb0dc756cc6f5ac2159662e093e4b297cca8fe", size = 1146951 },
    { url = "https://files.pythonhosted.org/packages/6c/a5/1f637b4494eeba7c8bb77fc9bb0cb8849c530c533efd10171676c2731cd5/djade-1.4.0-py3-none-manylinux_2_17_armv7l.manylinux2014_armv7l.whl", hash = "sha256:13e5e2809d0d0e86518f958c71ecac14e29abff2d963e3137522d84104c19579", size = 1088890 },
    { url = "https://files.pythonhosted.org/packages/a7/85/cc66069dae4d5372c7327fbef68b0d80b65c0cb1955edda12ac61f6a16b3/djade-1.4.0-py3-none-manylinux_2_17_i686.manylinux2014_i686.whl", hash = "sha256:e878ab0270ff1fdb2fcaea2bc364f71e5ac4a2893242761a0a244ccdfb3b27b8", size = 1196509 },
    { url = "https://files.pythonhosted.org/packages/00/b0/a518f80a9d306f1aec3ed74fc321fbf33009a5050765e0453f24a4f9617c/djade-1.4.0-py3-none-manylinux_2_17_x86_64.manylinux2014_x86_64.whl", hash = "sha256:a89f692b8ee46532db4f68a6e56de032581fcfb66961f83fe6282d89570ad4f7", size = 1181401 },
    { url = "https://files.pythonhosted.org/packages/38/82/c802f02636d888faa29cb0618be2412148fee44f40248ab5e3d3cffca318/djade-1.4.0-py3-none-musllinux_1_1_aarch64.whl", hash = "sha256:94aa91460348ab3e25edd81ac7555843885f8dcf68741d075c8a66af4b70c0f6", size = 1153163 },
    { url = "https://files.pythonhosted.org/packages/c6/d8/66193e347ec73d90aebc3d39d2ac7312515d0b84963fab2dddad9c2e768d/djade-1.4.0-py3-none-musllinux_1_1_x86_64.whl", hash = "sha256:9179b61af120c7a138074e1546d876c262c8f33f710bc408811e0eae21066e52", size = 1234295 },
    { url = "https://files.pythonhosted.org/packages/9a/66/a2965059bef98e76938fe0819e70334629dce7faf6c1dd1819b70d03a142/djade-1.4.0-py3-none-win32.whl", hash = "sha256:62160a16325c6dfb4b52191e9283790745c213127f7abeeb47619a3b0c7cbd77", size = 824756 },
    { url = "https://files.pythonhosted.org/packages/58/8f/b5a292f29dc897202ad53eae00da3a77482e3733c7be3c3628a66610496c/djade-1.4.0-py3-none-win_amd64.whl", hash = "sha256:17d163342f7a892083a70aeb950b5f4a9ae09b443e3c24302a7159937581ea6f", size = 908530 },
    { url = "https://files.pythonhosted.org/packages/63/a2/2034615cee7cb1d8b1779c15b0cb1f6bd757237b9542c90f9a7840dee1e5/djade-1.4.0-py3-none-win_arm64.whl", hash = "sha256:039a3de56f81d8b76722d86768cc1ab87e57c115dc3f131461a2e6d03d820cd1", size = 834730 },
]

[[package]]
name = "django"
version = "5.2"
source = { registry = "https://pypi.org/simple" }
dependencies = [
    { name = "asgiref" },
    { name = "sqlparse" },
    { name = "tzdata", marker = "sys_platform == 'win32'" },
]
sdist = { url = "https://files.pythonhosted.org/packages/4c/1b/c6da718c65228eb3a7ff7ba6a32d8e80fa840ca9057490504e099e4dd1ef/Django-5.2.tar.gz", hash = "sha256:1a47f7a7a3d43ce64570d350e008d2949abe8c7e21737b351b6a1611277c6d89", size = 10824891 }
wheels = [
    { url = "https://files.pythonhosted.org/packages/63/e0/6a5b5ea350c5bd63fe94b05e4c146c18facb51229d9dee42aa39f9fc2214/Django-5.2-py3-none-any.whl", hash = "sha256:91ceed4e3a6db5aedced65e3c8f963118ea9ba753fc620831c77074e620e7d83", size = 8301361 },
]

[[package]]
name = "django-bootstrap4"
version = "25.1"
source = { registry = "https://pypi.org/simple" }
dependencies = [
    { name = "beautifulsoup4" },
    { name = "django" },
]
sdist = { url = "https://files.pythonhosted.org/packages/cf/bb/e2f15ae18598d81d0ef4dd51e9abc6cd42bbd1398cb36d3f28201572b756/django_bootstrap4-25.1.tar.gz", hash = "sha256:6e05d17dda5922ec643e40bb804c7f399ec262c3723a4e5aef5bd550b3ff4ffa", size = 108902 }
wheels = [
    { url = "https://files.pythonhosted.org/packages/0a/13/007e451caec1406da56f65d1a9fcbfe76bbc7dd4b9653dcab4713f0564dd/django_bootstrap4-25.1-py3-none-any.whl", hash = "sha256:9eb574b6ddd0ae2e8b9da13746e1d084a797b8962cb8e0284c937c97e1938f29", size = 25329 },
]

[[package]]
name = "pyrefly"
version = "0.13.0"
source = { registry = "https://pypi.org/simple" }
sdist = { url = "https://files.pythonhosted.org/packages/21/15/4505ff3e874b2d5799f88e7bf322278a86f37f390c2ef1b056efec95d6ca/pyrefly-0.13.0.tar.gz", hash = "sha256:d904cd3ccb11ac24470f449c1a3b3f3feb6e19a3f8b0a8da9ffec94f76c8565a", size = 893156 }
wheels = [
    { url = "https://files.pythonhosted.org/packages/2e/83/49c694a6de150ac98e8a5184f411056483bd42053a96aa6b06abb9270ebd/pyrefly-0.13.0-py3-none-macosx_10_12_x86_64.whl", hash = "sha256:6eb35b41d3aa1990eb99c30cf5b4ae679805dc1cdc4b24c302e4c03f891f5664", size = 5647672 },
    { url = "https://files.pythonhosted.org/packages/4f/87/763be0ed87243d615b90c9f02b023147b6a1eaafec158b0c41cc6bc45b58/pyrefly-0.13.0-py3-none-macosx_11_0_arm64.whl", hash = "sha256:5f2caaa4575c2c4b91955f8d8d06302047aae7d5a33a9f8a7f1de39dd13d2530", size = 5346105 },
    { url = "https://files.pythonhosted.org/packages/b0/46/b43e8f4d071f00e5d62a98af18389799ff0e5dfcf2e3abd5e5367a06d68a/pyrefly-0.13.0-py3-none-manylinux_2_17_i686.manylinux2014_i686.whl", hash = "sha256:1721482d42265b3322e0d394c38d862f5c21098eb9a4f8b64fa9ba8c41e61c81", size = 6176346 },
    { url = "https://files.pythonhosted.org/packages/36/11/ad33dc6ad5e88431b5c8ae0fec13a4afaff19c28c3d52fa32870ad65d213/pyrefly-0.13.0-py3-none-manylinux_2_17_x86_64.manylinux2014_x86_64.whl", hash = "sha256:c747dd512c65e88e07757ff0b81785e360f0170f74dc3bb35999241223112cf2", size = 5845233 },
    { url = "https://files.pythonhosted.org/packages/ce/a3/c41cbf27f4cef90675f18fa0d35b24ebfac19ac2c255168cf4b6726b7f9d/pyrefly-0.13.0-py3-none-win32.whl", hash = "sha256:beb9e3e249d9080778a2aad7a0c874eebe501ea7672b8be77524251d96d391b9", size = 5351536 },
    { url = "https://files.pythonhosted.org/packages/35/cb/52486bb5cea9678aac01e4a4ed2bca0df86b721e18c7a597639dd03929bc/pyrefly-0.13.0-py3-none-win_amd64.whl", hash = "sha256:d4983035740825cc3221c58db38fc64293f70b1bfbd0e405ad3c396c6c282532", size = 5754295 },
    { url = "https://files.pythonhosted.org/packages/15/65/e6bbab5a3bac4a1916a709e31d2a557fea8c28667faffea5834a00783beb/pyrefly-0.13.0-py3-none-win_arm64.whl", hash = "sha256:db16c497dcfbc303f073223ab94c1cc3756b8c11139be75931c3589d6e97d5aa", size = 5471310 },
]

[[package]]
name = "ruff"
version = "0.11.8"
source = { registry = "https://pypi.org/simple" }
sdist = { url = "https://files.pythonhosted.org/packages/52/f6/adcf73711f31c9f5393862b4281c875a462d9f639f4ccdf69dc368311c20/ruff-0.11.8.tar.gz", hash = "sha256:6d742d10626f9004b781f4558154bb226620a7242080e11caeffab1a40e99df8", size = 4086399 }
wheels = [
    { url = "https://files.pythonhosted.org/packages/9f/60/c6aa9062fa518a9f86cb0b85248245cddcd892a125ca00441df77d79ef88/ruff-0.11.8-py3-none-linux_armv6l.whl", hash = "sha256:896a37516c594805e34020c4a7546c8f8a234b679a7716a3f08197f38913e1a3", size = 10272473 },
    { url = "https://files.pythonhosted.org/packages/a0/e4/0325e50d106dc87c00695f7bcd5044c6d252ed5120ebf423773e00270f50/ruff-0.11.8-py3-none-macosx_10_12_x86_64.whl", hash = "sha256:ab86d22d3d721a40dd3ecbb5e86ab03b2e053bc93c700dc68d1c3346b36ce835", size = 11040862 },
    { url = "https://files.pythonhosted.org/packages/e6/27/b87ea1a7be37fef0adbc7fd987abbf90b6607d96aa3fc67e2c5b858e1e53/ruff-0.11.8-py3-none-macosx_11_0_arm64.whl", hash = "sha256:258f3585057508d317610e8a412788cf726efeefa2fec4dba4001d9e6f90d46c", size = 10385273 },
    { url = "https://files.pythonhosted.org/packages/d3/f7/3346161570d789045ed47a86110183f6ac3af0e94e7fd682772d89f7f1a1/ruff-0.11.8-py3-none-manylinux_2_17_aarch64.manylinux2014_aarch64.whl", hash = "sha256:727d01702f7c30baed3fc3a34901a640001a2828c793525043c29f7614994a8c", size = 10578330 },
    { url = "https://files.pythonhosted.org/packages/c6/c3/327fb950b4763c7b3784f91d3038ef10c13b2d42322d4ade5ce13a2f9edb/ruff-0.11.8-py3-none-manylinux_2_17_armv7l.manylinux2014_armv7l.whl", hash = "sha256:3dca977cc4fc8f66e89900fa415ffe4dbc2e969da9d7a54bfca81a128c5ac219", size = 10122223 },
    { url = "https://files.pythonhosted.org/packages/de/c7/ba686bce9adfeb6c61cb1bbadc17d58110fe1d602f199d79d4c880170f19/ruff-0.11.8-py3-none-manylinux_2_17_i686.manylinux2014_i686.whl", hash = "sha256:c657fa987d60b104d2be8b052d66da0a2a88f9bd1d66b2254333e84ea2720c7f", size = 11697353 },
    { url = "https://files.pythonhosted.org/packages/53/8e/a4fb4a1ddde3c59e73996bb3ac51844ff93384d533629434b1def7a336b0/ruff-0.11.8-py3-none-manylinux_2_17_ppc64.manylinux2014_ppc64.whl", hash = "sha256:f2e74b021d0de5eceb8bd32919f6ff8a9b40ee62ed97becd44993ae5b9949474", size = 12375936 },
    { url = "https://files.pythonhosted.org/packages/ad/a1/9529cb1e2936e2479a51aeb011307e7229225df9ac64ae064d91ead54571/ruff-0.11.8-py3-none-manylinux_2_17_ppc64le.manylinux2014_ppc64le.whl", hash = "sha256:f9b5ef39820abc0f2c62111f7045009e46b275f5b99d5e59dda113c39b7f4f38", size = 11850083 },
    { url = "https://files.pythonhosted.org/packages/3e/94/8f7eac4c612673ae15a4ad2bc0ee62e03c68a2d4f458daae3de0e47c67ba/ruff-0.11.8-py3-none-manylinux_2_17_s390x.manylinux2014_s390x.whl", hash = "sha256:c1dba3135ca503727aa4648152c0fa67c3b1385d3dc81c75cd8a229c4b2a1458", size = 14005834 },
    { url = "https://files.pythonhosted.org/packages/1e/7c/6f63b46b2be870cbf3f54c9c4154d13fac4b8827f22fa05ac835c10835b2/ruff-0.11.8-py3-none-manylinux_2_17_x86_64.manylinux2014_x86_64.whl", hash = "sha256:7f024d32e62faad0f76b2d6afd141b8c171515e4fb91ce9fd6464335c81244e5", size = 11503713 },
    { url = "https://files.pythonhosted.org/packages/3a/91/57de411b544b5fe072779678986a021d87c3ee5b89551f2ca41200c5d643/ruff-0.11.8-py3-none-musllinux_1_2_aarch64.whl", hash = "sha256:d365618d3ad747432e1ae50d61775b78c055fee5936d77fb4d92c6f559741948", size = 10457182 },
    { url = "https://files.pythonhosted.org/packages/01/49/cfe73e0ce5ecdd3e6f1137bf1f1be03dcc819d1bfe5cff33deb40c5926db/ruff-0.11.8-py3-none-musllinux_1_2_armv7l.whl", hash = "sha256:4d9aaa91035bdf612c8ee7266153bcf16005c7c7e2f5878406911c92a31633cb", size = 10101027 },
    { url = "https://files.pythonhosted.org/packages/56/21/a5cfe47c62b3531675795f38a0ef1c52ff8de62eaddf370d46634391a3fb/ruff-0.11.8-py3-none-musllinux_1_2_i686.whl", hash = "sha256:0eba551324733efc76116d9f3a0d52946bc2751f0cd30661564117d6fd60897c", size = 11111298 },
    { url = "https://files.pythonhosted.org/packages/36/98/f76225f87e88f7cb669ae92c062b11c0a1e91f32705f829bd426f8e48b7b/ruff-0.11.8-py3-none-musllinux_1_2_x86_64.whl", hash = "sha256:161eb4cff5cfefdb6c9b8b3671d09f7def2f960cee33481dd898caf2bcd02304", size = 11566884 },
    { url = "https://files.pythonhosted.org/packages/de/7e/fff70b02e57852fda17bd43f99dda37b9bcf3e1af3d97c5834ff48d04715/ruff-0.11.8-py3-none-win32.whl", hash = "sha256:5b18caa297a786465cc511d7f8be19226acf9c0a1127e06e736cd4e1878c3ea2", size = 10451102 },
    { url = "https://files.pythonhosted.org/packages/7b/a9/eaa571eb70648c9bde3120a1d5892597de57766e376b831b06e7c1e43945/ruff-0.11.8-py3-none-win_amd64.whl", hash = "sha256:6e70d11043bef637c5617297bdedec9632af15d53ac1e1ba29c448da9341b0c4", size = 11597410 },
    { url = "https://files.pythonhosted.org/packages/cd/be/f6b790d6ae98f1f32c645f8540d5c96248b72343b0a56fab3a07f2941897/ruff-0.11.8-py3-none-win_arm64.whl", hash = "sha256:304432e4c4a792e3da85b7699feb3426a0908ab98bf29df22a31b0cdd098fac2", size = 10713129 },
]

[[package]]
name = "simple-django-login-and-register"
version = "0.4.9"
source = { virtual = "." }
dependencies = [
    { name = "django" },
    { name = "django-bootstrap4" },
]

[package.optional-dependencies]
dev = [
    { name = "djade" },
    { name = "pyrefly" },
    { name = "ruff" },
]

[package.metadata]
requires-dist = [
    { name = "djade", marker = "extra == 'dev'", specifier = ">=0.1" },
    { name = "django", specifier = "==5.2" },
    { name = "django-bootstrap4", specifier = "==25.1" },
    { name = "pyrefly", marker = "extra == 'dev'", specifier = ">=0.1" },
    { name = "ruff", marker = "extra == 'dev'", specifier = ">=0.1" },
]
provides-extras = ["dev"]

[[package]]
name = "soupsieve"
version = "2.7"
source = { registry = "https://pypi.org/simple" }
sdist = { url = "https://files.pythonhosted.org/packages/3f/f4/4a80cd6ef364b2e8b65b15816a843c0980f7a5a2b4dc701fc574952aa19f/soupsieve-2.7.tar.gz", hash = "sha256:ad282f9b6926286d2ead4750552c8a6142bc4c783fd66b0293547c8fe6ae126a", size = 103418 }
wheels = [
    { url = "https://files.pythonhosted.org/packages/e7/9c/0e6afc12c269578be5c0c1c9f4b49a8d32770a080260c333ac04cc1c832d/soupsieve-2.7-py3-none-any.whl", hash = "sha256:6e60cc5c1ffaf1cebcc12e8188320b72071e922c2e897f737cadce79ad5d30c4", size = 36677 },
]

[[package]]
name = "sqlparse"
version = "0.5.3"
source = { registry = "https://pypi.org/simple" }
sdist = { url = "https://files.pythonhosted.org/packages/e5/40/edede8dd6977b0d3da179a342c198ed100dd2aba4be081861ee5911e4da4/sqlparse-0.5.3.tar.gz", hash = "sha256:09f67787f56a0b16ecdbde1bfc7f5d9c3371ca683cfeaa8e6ff60b4807ec9272", size = 84999 }
wheels = [
    { url = "https://files.pythonhosted.org/packages/a9/5c/bfd6bd0bf979426d405cc6e71eceb8701b148b16c21d2dc3c261efc61c7b/sqlparse-0.5.3-py3-none-any.whl", hash = "sha256:cf2196ed3418f3ba5de6af7e82c694a9fbdbfecccdfc72e281548517081f16ca", size = 44415 },
]

[[package]]
name = "typing-extensions"
version = "4.13.2"
source = { registry = "https://pypi.org/simple" }
sdist = { url = "https://files.pythonhosted.org/packages/f6/37/23083fcd6e35492953e8d2aaaa68b860eb422b34627b13f2ce3eb6106061/typing_extensions-4.13.2.tar.gz", hash = "sha256:e6c81219bd689f51865d9e372991c540bda33a0379d5573cddb9a3a23f7caaef", size = 106967 }
wheels = [
    { url = "https://files.pythonhosted.org/packages/8b/54/b1ae86c0973cc6f0210b53d508ca3641fb6d0c56823f288d108bc7ab3cc8/typing_extensions-4.13.2-py3-none-any.whl", hash = "sha256:a439e7c04b49fec3e5d3e2beaa21755cadbbdc391694e28ccdd36ca4a1408f8c", size = 45806 },
]

[[package]]
name = "tzdata"
version = "2025.2"
source = { registry = "https://pypi.org/simple" }
sdist = { url = "https://files.pythonhosted.org/packages/95/32/1a225d6164441be760d75c2c42e2780dc0873fe382da3e98a2e1e48361e5/tzdata-2025.2.tar.gz", hash = "sha256:b60a638fcc0daffadf82fe0f57e53d06bdec2f36c4df66280ae79bce6bd6f2b9", size = 196380 }
wheels = [
    { url = "https://files.pythonhosted.org/packages/5c/23/c7abc0ca0a1526a0774eca151daeb8de62ec457e77262b66b359c3c7679e/tzdata-2025.2-py2.py3-none-any.whl", hash = "sha256:1a403fada01ff9221ca8044d701868fa132215d84beb92242d9acd2147f667a8", size = 347839 },
]
