version = 1
revision = 1
requires-python = ">=3.12"

[[package]]
name = "asgiref"
version = "3.8.1"
source = { registry = "https://pypi.org/simple" }
sdist = { url = "https://files.pythonhosted.org/packages/29/38/b3395cc9ad1b56d2ddac9970bc8f4141312dbaec28bc7c218b0dfafd0f42/asgiref-3.8.1.tar.gz", hash = "sha256:c343bd80a0bec947a9860adb4c432ffa7db769836c64238fc34bdc3fec84d590", size = 35186 }
wheels = [
    { url = "https://files.pythonhosted.org/packages/39/e3/893e8757be2612e6c266d9bb58ad2e3651524b5b40cf56761e985a28b13e/asgiref-3.8.1-py3-none-any.whl", hash = "sha256:3e1e3ecc849832fe52ccf2cb6686b7a55f82bb1d6aee72a58826471390335e47", size = 23828 },
]

[[package]]
name = "beautifulsoup4"
version = "4.12.3"
source = { registry = "https://pypi.org/simple" }
dependencies = [
    { name = "soupsieve" },
]
sdist = { url = "https://files.pythonhosted.org/packages/b3/ca/824b1195773ce6166d388573fc106ce56d4a805bd7427b624e063596ec58/beautifulsoup4-4.12.3.tar.gz", hash = "sha256:74e3d1928edc070d21748185c46e3fb33490f22f52a3addee9aee0f4f7781051", size = 581181 }
wheels = [
    { url = "https://files.pythonhosted.org/packages/b1/fe/e8c672695b37eecc5cbf43e1d0638d88d66ba3a44c4d321c796f4e59167f/beautifulsoup4-4.12.3-py3-none-any.whl", hash = "sha256:b80878c9f40111313e55da8ba20bdba06d8fa3969fc68304167741bbf9e082ed", size = 147925 },
]

[[package]]
name = "djade"
version = "1.3.2"
source = { registry = "https://pypi.org/simple" }
sdist = { url = "https://files.pythonhosted.org/packages/4f/ca/9d2d7cb8911534e552b01981c30f824ce5f22cc41c3805a95027e476e9cf/djade-1.3.2.tar.gz", hash = "sha256:46eaec810cb0ff37ea56885da06f68dedac4529ea80c2b71f0a76801e3ea67e0", size = 35429 }
wheels = [
    { url = "https://files.pythonhosted.org/packages/7b/cd/2aff9df9a709a753d22bf3ebfbff813d35052ac30e2de6328820b0cfa9aa/djade-1.3.2-py3-none-macosx_10_12_x86_64.whl", hash = "sha256:55558103c43332bd16aa2c71ce97eb5d938d53fce234cb37679b0749fdbeb005", size = 1079045 },
    { url = "https://files.pythonhosted.org/packages/c0/35/e94b2d86e13884317cfbddbd0fa6b977c2d886c9e880a66a93c177a4b2f1/djade-1.3.2-py3-none-macosx_11_0_arm64.whl", hash = "sha256:fe6bbeaf763b4cd0099d0659aee119f4cba1eed118a041db5dd589f742c4e2a1", size = 1012282 },
    { url = "https://files.pythonhosted.org/packages/d7/67/abdb24d6d784b6267050a1a746533bcc9e2d9bc1544ca938056092d823cd/djade-1.3.2-py3-none-manylinux_2_17_aarch64.manylinux2014_aarch64.whl", hash = "sha256:540ad7115c56d7720d773dbd0f6da4ddb437a6e163936e649f7c94c2fe89bb4d", size = 1145120 },
    { url = "https://files.pythonhosted.org/packages/d3/b9/7942bfc19b89af85131e909618fed9c521aeab3f78f09dba405058f382a4/djade-1.3.2-py3-none-manylinux_2_17_armv7l.manylinux2014_armv7l.whl", hash = "sha256:e8ecab5133f85f46a5d1f8b1ff4a1149c70cc8058186c5bbbf8c96003fddb140", size = 1091888 },
    { url = "https://files.pythonhosted.org/packages/00/18/47ebe4d079203a7e2addf4a6121f19ea86a446d048b8565eea1c80060034/djade-1.3.2-py3-none-manylinux_2_17_i686.manylinux2014_i686.whl", hash = "sha256:1a0303e04de45a40397216fd8a9ead58f827c6958c162523a267507f14725357", size = 1201763 },
    { url = "https://files.pythonhosted.org/packages/de/61/a6bbc23f1ade5a27d4c008dbe092c1ab811009f0f98c51498c6dbefb85a8/djade-1.3.2-py3-none-manylinux_2_17_x86_64.manylinux2014_x86_64.whl", hash = "sha256:28cc0984fe80de67b7395ed1be9eb31b438fcbe9dabcf1c2c899ad3839365257", size = 1181424 },
    { url = "https://files.pythonhosted.org/packages/56/da/6cf27e02b35b0a85b9812ace03cbb2718991eee2840f2b5e491e9be4af7b/djade-1.3.2-py3-none-musllinux_1_1_aarch64.whl", hash = "sha256:1a26dd356ceefebea00512bb1e0a8abfc16d7cdf3d08c42569047715e3517c30", size = 1151562 },
    { url = "https://files.pythonhosted.org/packages/84/5c/b143c8186c7434be3fbec20ad90a6c59f5126a46fcd933f3349ca887fa38/djade-1.3.2-py3-none-musllinux_1_1_x86_64.whl", hash = "sha256:68e214447967fc1dd2adebc42a833fa592f1816cdcfafcfb9054db861917f490", size = 1233533 },
    { url = "https://files.pythonhosted.org/packages/d5/b8/03a61712f597440b00973fbc58d3e8f0268bf8f76212372171b04d990401/djade-1.3.2-py3-none-win32.whl", hash = "sha256:bcc32f3ebb3648b5cd3b9b01ec087748948e30df413eeee2d9abdc99d640c1af", size = 823115 },
    { url = "https://files.pythonhosted.org/packages/cc/6d/1aefebf133ba33916cd771ef09d00e6f10226c5e38c48f4334f066c83ade/djade-1.3.2-py3-none-win_amd64.whl", hash = "sha256:6ccab4994e3f655a7e32dcd9e4f2c9c71bb9262bd9a0a29da1ce7ce3fc255c3c", size = 908388 },
    { url = "https://files.pythonhosted.org/packages/a6/ad/3a83c645c5a2245984346ced7ee9496af109737f33a3006c8bb8c817b442/djade-1.3.2-py3-none-win_arm64.whl", hash = "sha256:b4afd65e306a79f62cb1891380002ee15056ae6015361bd6699f0c00b2e79b4d", size = 831419 },
]

[[package]]
name = "django"
version = "5.1.7"
source = { registry = "https://pypi.org/simple" }
dependencies = [
    { name = "asgiref" },
    { name = "sqlparse" },
    { name = "tzdata", marker = "sys_platform == 'win32'" },
]
sdist = { url = "https://files.pythonhosted.org/packages/5f/57/11186e493ddc5a5e92cc7924a6363f7d4c2b645f7d7cb04a26a63f9bfb8b/Django-5.1.7.tar.gz", hash = "sha256:30de4ee43a98e5d3da36a9002f287ff400b43ca51791920bfb35f6917bfe041c", size = 10716510 }
wheels = [
    { url = "https://files.pythonhosted.org/packages/ba/0f/7e042df3d462d39ae01b27a09ee76653692442bc3701fbfa6cb38e12889d/Django-5.1.7-py3-none-any.whl", hash = "sha256:1323617cb624add820cb9611cdcc788312d250824f92ca6048fda8625514af2b", size = 8276912 },
]

[[package]]
name = "django-bootstrap4"
version = "25.1"
source = { registry = "https://pypi.org/simple" }
dependencies = [
    { name = "beautifulsoup4" },
    { name = "django" },
]
sdist = { url = "https://files.pythonhosted.org/packages/cf/bb/e2f15ae18598d81d0ef4dd51e9abc6cd42bbd1398cb36d3f28201572b756/django_bootstrap4-25.1.tar.gz", hash = "sha256:6e05d17dda5922ec643e40bb804c7f399ec262c3723a4e5aef5bd550b3ff4ffa", size = 108902 }
wheels = [
    { url = "https://files.pythonhosted.org/packages/0a/13/007e451caec1406da56f65d1a9fcbfe76bbc7dd4b9653dcab4713f0564dd/django_bootstrap4-25.1-py3-none-any.whl", hash = "sha256:9eb574b6ddd0ae2e8b9da13746e1d084a797b8962cb8e0284c937c97e1938f29", size = 25329 },
]

[[package]]
name = "ruff"
version = "0.11.2"
source = { registry = "https://pypi.org/simple" }
sdist = { url = "https://files.pythonhosted.org/packages/90/61/fb87430f040e4e577e784e325351186976516faef17d6fcd921fe28edfd7/ruff-0.11.2.tar.gz", hash = "sha256:ec47591497d5a1050175bdf4e1a4e6272cddff7da88a2ad595e1e326041d8d94", size = 3857511 }
wheels = [
    { url = "https://files.pythonhosted.org/packages/62/99/102578506f0f5fa29fd7e0df0a273864f79af044757aef73d1cae0afe6ad/ruff-0.11.2-py3-none-linux_armv6l.whl", hash = "sha256:c69e20ea49e973f3afec2c06376eb56045709f0212615c1adb0eda35e8a4e477", size = 10113146 },
    { url = "https://files.pythonhosted.org/packages/74/ad/5cd4ba58ab602a579997a8494b96f10f316e874d7c435bcc1a92e6da1b12/ruff-0.11.2-py3-none-macosx_10_12_x86_64.whl", hash = "sha256:2c5424cc1c4eb1d8ecabe6d4f1b70470b4f24a0c0171356290b1953ad8f0e272", size = 10867092 },
    { url = "https://files.pythonhosted.org/packages/fc/3e/d3f13619e1d152c7b600a38c1a035e833e794c6625c9a6cea6f63dbf3af4/ruff-0.11.2-py3-none-macosx_11_0_arm64.whl", hash = "sha256:ecf20854cc73f42171eedb66f006a43d0a21bfb98a2523a809931cda569552d9", size = 10224082 },
    { url = "https://files.pythonhosted.org/packages/90/06/f77b3d790d24a93f38e3806216f263974909888fd1e826717c3ec956bbcd/ruff-0.11.2-py3-none-manylinux_2_17_aarch64.manylinux2014_aarch64.whl", hash = "sha256:0c543bf65d5d27240321604cee0633a70c6c25c9a2f2492efa9f6d4b8e4199bb", size = 10394818 },
    { url = "https://files.pythonhosted.org/packages/99/7f/78aa431d3ddebfc2418cd95b786642557ba8b3cb578c075239da9ce97ff9/ruff-0.11.2-py3-none-manylinux_2_17_armv7l.manylinux2014_armv7l.whl", hash = "sha256:20967168cc21195db5830b9224be0e964cc9c8ecf3b5a9e3ce19876e8d3a96e3", size = 9952251 },
    { url = "https://files.pythonhosted.org/packages/30/3e/f11186d1ddfaca438c3bbff73c6a2fdb5b60e6450cc466129c694b0ab7a2/ruff-0.11.2-py3-none-manylinux_2_17_i686.manylinux2014_i686.whl", hash = "sha256:955a9ce63483999d9f0b8f0b4a3ad669e53484232853054cc8b9d51ab4c5de74", size = 11563566 },
    { url = "https://files.pythonhosted.org/packages/22/6c/6ca91befbc0a6539ee133d9a9ce60b1a354db12c3c5d11cfdbf77140f851/ruff-0.11.2-py3-none-manylinux_2_17_ppc64.manylinux2014_ppc64.whl", hash = "sha256:86b3a27c38b8fce73bcd262b0de32e9a6801b76d52cdb3ae4c914515f0cef608", size = 12208721 },
    { url = "https://files.pythonhosted.org/packages/19/b0/24516a3b850d55b17c03fc399b681c6a549d06ce665915721dc5d6458a5c/ruff-0.11.2-py3-none-manylinux_2_17_ppc64le.manylinux2014_ppc64le.whl", hash = "sha256:a3b66a03b248c9fcd9d64d445bafdf1589326bee6fc5c8e92d7562e58883e30f", size = 11662274 },
    { url = "https://files.pythonhosted.org/packages/d7/65/76be06d28ecb7c6070280cef2bcb20c98fbf99ff60b1c57d2fb9b8771348/ruff-0.11.2-py3-none-manylinux_2_17_s390x.manylinux2014_s390x.whl", hash = "sha256:0397c2672db015be5aa3d4dac54c69aa012429097ff219392c018e21f5085147", size = 13792284 },
    { url = "https://files.pythonhosted.org/packages/ce/d2/4ceed7147e05852876f3b5f3fdc23f878ce2b7e0b90dd6e698bda3d20787/ruff-0.11.2-py3-none-manylinux_2_17_x86_64.manylinux2014_x86_64.whl", hash = "sha256:869bcf3f9abf6457fbe39b5a37333aa4eecc52a3b99c98827ccc371a8e5b6f1b", size = 11327861 },
    { url = "https://files.pythonhosted.org/packages/c4/78/4935ecba13706fd60ebe0e3dc50371f2bdc3d9bc80e68adc32ff93914534/ruff-0.11.2-py3-none-musllinux_1_2_aarch64.whl", hash = "sha256:2a2b50ca35457ba785cd8c93ebbe529467594087b527a08d487cf0ee7b3087e9", size = 10276560 },
    { url = "https://files.pythonhosted.org/packages/81/7f/1b2435c3f5245d410bb5dc80f13ec796454c21fbda12b77d7588d5cf4e29/ruff-0.11.2-py3-none-musllinux_1_2_armv7l.whl", hash = "sha256:7c69c74bf53ddcfbc22e6eb2f31211df7f65054bfc1f72288fc71e5f82db3eab", size = 9945091 },
    { url = "https://files.pythonhosted.org/packages/39/c4/692284c07e6bf2b31d82bb8c32f8840f9d0627d92983edaac991a2b66c0a/ruff-0.11.2-py3-none-musllinux_1_2_i686.whl", hash = "sha256:6e8fb75e14560f7cf53b15bbc55baf5ecbe373dd5f3aab96ff7aa7777edd7630", size = 10977133 },
    { url = "https://files.pythonhosted.org/packages/94/cf/8ab81cb7dd7a3b0a3960c2769825038f3adcd75faf46dd6376086df8b128/ruff-0.11.2-py3-none-musllinux_1_2_x86_64.whl", hash = "sha256:842a472d7b4d6f5924e9297aa38149e5dcb1e628773b70e6387ae2c97a63c58f", size = 11378514 },
    { url = "https://files.pythonhosted.org/packages/d9/3a/a647fa4f316482dacf2fd68e8a386327a33d6eabd8eb2f9a0c3d291ec549/ruff-0.11.2-py3-none-win32.whl", hash = "sha256:aca01ccd0eb5eb7156b324cfaa088586f06a86d9e5314b0eb330cb48415097cc", size = 10319835 },
    { url = "https://files.pythonhosted.org/packages/86/54/3c12d3af58012a5e2cd7ebdbe9983f4834af3f8cbea0e8a8c74fa1e23b2b/ruff-0.11.2-py3-none-win_amd64.whl", hash = "sha256:3170150172a8f994136c0c66f494edf199a0bbea7a409f649e4bc8f4d7084080", size = 11373713 },
    { url = "https://files.pythonhosted.org/packages/d6/d4/dd813703af8a1e2ac33bf3feb27e8a5ad514c9f219df80c64d69807e7f71/ruff-0.11.2-py3-none-win_arm64.whl", hash = "sha256:52933095158ff328f4c77af3d74f0379e34fd52f175144cefc1b192e7ccd32b4", size = 10441990 },
]

[[package]]
name = "simple-django-login-and-register"
version = "0.4.8"
source = { virtual = "." }
dependencies = [
    { name = "django" },
    { name = "django-bootstrap4" },
]

[package.optional-dependencies]
dev = [
    { name = "djade" },
    { name = "ruff" },
]

[package.metadata]
requires-dist = [
    { name = "djade", marker = "extra == 'dev'", specifier = ">=0.1" },
    { name = "django", specifier = "==5.1.7" },
    { name = "django-bootstrap4", specifier = "==25.1" },
    { name = "ruff", marker = "extra == 'dev'", specifier = ">=0.1" },
]
provides-extras = ["dev"]

[[package]]
name = "soupsieve"
version = "2.6"
source = { registry = "https://pypi.org/simple" }
sdist = { url = "https://files.pythonhosted.org/packages/d7/ce/fbaeed4f9fb8b2daa961f90591662df6a86c1abf25c548329a86920aedfb/soupsieve-2.6.tar.gz", hash = "sha256:e2e68417777af359ec65daac1057404a3c8a5455bb8abc36f1a9866ab1a51abb", size = 101569 }
wheels = [
    { url = "https://files.pythonhosted.org/packages/d1/c2/fe97d779f3ef3b15f05c94a2f1e3d21732574ed441687474db9d342a7315/soupsieve-2.6-py3-none-any.whl", hash = "sha256:e72c4ff06e4fb6e4b5a9f0f55fe6e81514581fca1515028625d0f299c602ccc9", size = 36186 },
]

[[package]]
name = "sqlparse"
version = "0.5.1"
source = { registry = "https://pypi.org/simple" }
sdist = { url = "https://files.pythonhosted.org/packages/73/82/dfa23ec2cbed08a801deab02fe7c904bfb00765256b155941d789a338c68/sqlparse-0.5.1.tar.gz", hash = "sha256:bb6b4df465655ef332548e24f08e205afc81b9ab86cb1c45657a7ff173a3a00e", size = 84502 }
wheels = [
    { url = "https://files.pythonhosted.org/packages/5d/a5/b2860373aa8de1e626b2bdfdd6df4355f0565b47e51f7d0c54fe70faf8fe/sqlparse-0.5.1-py3-none-any.whl", hash = "sha256:773dcbf9a5ab44a090f3441e2180efe2560220203dc2f8c0b0fa141e18b505e4", size = 44156 },
]

[[package]]
name = "tzdata"
version = "2024.2"
source = { registry = "https://pypi.org/simple" }
sdist = { url = "https://files.pythonhosted.org/packages/e1/34/943888654477a574a86a98e9896bae89c7aa15078ec29f490fef2f1e5384/tzdata-2024.2.tar.gz", hash = "sha256:7d85cc416e9382e69095b7bdf4afd9e3880418a2413feec7069d533d6b4e31cc", size = 193282 }
wheels = [
    { url = "https://files.pythonhosted.org/packages/a6/ab/7e5f53c3b9d14972843a647d8d7a853969a58aecc7559cb3267302c94774/tzdata-2024.2-py2.py3-none-any.whl", hash = "sha256:a48093786cdcde33cad18c2555e8532f34422074448fbc874186f0abd79565cd", size = 346586 },
]
